
Microsoft Visual Studio Solution File, Format Version 12.00
# Visual Studio Version 17
VisualStudioVersion = 17.10.35122.118
MinimumVisualStudioVersion = 10.0.40219.1
Project("{FAE04EC0-301F-11D3-BF4B-00C04F79EFBC}") = "BookingAPI", "BookingAPI.csproj", "{1F6048FE-1849-495C-A8BF-FB5F3B0E520D}"
EndProject
Project("{FAE04EC0-301F-11D3-BF4B-00C04F79EFBC}") = "Booking.Core", "Booking.Core\Booking.Core.csproj", "{877C130D-898A-F47C-DF2D-1B88A4DAC362}"
EndProject
Project("{FAE04EC0-301F-11D3-BF4B-00C04F79EFBC}") = "Booking.DataAccess", "Booking.DataAccess\Booking.DataAccess.csproj", "{9E42D795-431E-34A6-D786-055F67278242}"
EndProject
Project("{FAE04EC0-301F-11D3-BF4B-00C04F79EFBC}") = "BookingAPI.Service", "BookingAPI.Service\BookingAPI.Service.csproj", "{A364E61D-3A00-B455-310F-8F915FBDC819}"
EndProject
Global
	GlobalSection(SolutionConfigurationPlatforms) = preSolution
		Debug|Any CPU = Debug|Any CPU
		Release|Any CPU = Release|Any CPU
	EndGlobalSection
	GlobalSection(ProjectConfigurationPlatforms) = postSolution
		{1F6048FE-1849-495C-A8BF-FB5F3B0E520D}.Debug|Any CPU.ActiveCfg = Debug|Any CPU
		{1F6048FE-1849-495C-A8BF-FB5F3B0E520D}.Debug|Any CPU.Build.0 = Debug|Any CPU
		{1F6048FE-1849-495C-A8BF-FB5F3B0E520D}.Release|Any CPU.ActiveCfg = Release|Any CPU
		{1F6048FE-1849-495C-A8BF-FB5F3B0E520D}.Release|Any CPU.Build.0 = Release|Any CPU
		{877C130D-898A-F47C-DF2D-1B88A4DAC362}.Debug|Any CPU.ActiveCfg = Debug|Any CPU
		{877C130D-898A-F47C-DF2D-1B88A4DAC362}.Debug|Any CPU.Build.0 = Debug|Any CPU
		{877C130D-898A-F47C-DF2D-1B88A4DAC362}.Release|Any CPU.ActiveCfg = Release|Any CPU
		{877C130D-898A-F47C-DF2D-1B88A4DAC362}.Release|Any CPU.Build.0 = Release|Any CPU
		{9E42D795-431E-34A6-D786-055F67278242}.Debug|Any CPU.ActiveCfg = Debug|Any CPU
		{9E42D795-431E-34A6-D786-055F67278242}.Debug|Any CPU.Build.0 = Debug|Any CPU
		{9E42D795-431E-34A6-D786-055F67278242}.Release|Any CPU.ActiveCfg = Release|Any CPU
		{9E42D795-431E-34A6-D786-055F67278242}.Release|Any CPU.Build.0 = Release|Any CPU
		{A364E61D-3A00-B455-310F-8F915FBDC819}.Debug|Any CPU.ActiveCfg = Debug|Any CPU
		{A364E61D-3A00-B455-310F-8F915FBDC819}.Debug|Any CPU.Build.0 = Debug|Any CPU
		{A364E61D-3A00-B455-310F-8F915FBDC819}.Release|Any CPU.ActiveCfg = Release|Any CPU
		{A364E61D-3A00-B455-310F-8F915FBDC819}.Release|Any CPU.Build.0 = Release|Any CPU
	EndGlobalSection
	GlobalSection(SolutionProperties) = preSolution
		HideSolutionNode = FALSE
	EndGlobalSection
	GlobalSection(ExtensibilityGlobals) = postSolution
		SolutionGuid = {6F4C5218-F7D6-419F-AA46-6CE73795987E}
	EndGlobalSection
EndGlobal
